
Microsoft Visual Studio Solution File, Format Version 12.00
# Visual Studio Version 17
VisualStudioVersion = 17.0.31912.275
MinimumVisualStudioVersion = 10.0.40219.1
Project("{FAE04EC0-301F-11D3-BF4B-00C04F79EFBC}") = "BlazorMovies.Server", "BlazorMovies\Server\BlazorMovies.Server.csproj", "{FB1DE50F-962E-445E-A20D-DE37161E8ABC}"
EndProject
Project("{FAE04EC0-301F-11D3-BF4B-00C04F79EFBC}") = "BlazorMovies.Client", "BlazorMovies\Client\BlazorMovies.Client.csproj", "{789E9829-9C45-4D90-8C60-EC6417FF1A9C}"
EndProject
Project("{FAE04EC0-301F-11D3-BF4B-00C04F79EFBC}") = "BlazorMovies.Shared", "BlazorMovies\Shared\BlazorMovies.Shared.csproj", "{38A945E4-30A5-4916-9EBF-C2F1DEA82172}"
EndProject
Global
	GlobalSection(SolutionConfigurationPlatforms) = preSolution
		Debug|Any CPU = Debug|Any CPU
		Release|Any CPU = Release|Any CPU
	EndGlobalSection
	GlobalSection(ProjectConfigurationPlatforms) = postSolution
		{FB1DE50F-962E-445E-A20D-DE37161E8ABC}.Debug|Any CPU.ActiveCfg = Debug|Any CPU
		{FB1DE50F-962E-445E-A20D-DE37161E8ABC}.Debug|Any CPU.Build.0 = Debug|Any CPU
		{FB1DE50F-962E-445E-A20D-DE37161E8ABC}.Release|Any CPU.ActiveCfg = Release|Any CPU
		{FB1DE50F-962E-445E-A20D-DE37161E8ABC}.Release|Any CPU.Build.0 = Release|Any CPU
		{789E9829-9C45-4D90-8C60-EC6417FF1A9C}.Debug|Any CPU.ActiveCfg = Debug|Any CPU
		{789E9829-9C45-4D90-8C60-EC6417FF1A9C}.Debug|Any CPU.Build.0 = Debug|Any CPU
		{789E9829-9C45-4D90-8C60-EC6417FF1A9C}.Release|Any CPU.ActiveCfg = Release|Any CPU
		{789E9829-9C45-4D90-8C60-EC6417FF1A9C}.Release|Any CPU.Build.0 = Release|Any CPU
		{38A945E4-30A5-4916-9EBF-C2F1DEA82172}.Debug|Any CPU.ActiveCfg = Debug|Any CPU
		{38A945E4-30A5-4916-9EBF-C2F1DEA82172}.Debug|Any CPU.Build.0 = Debug|Any CPU
		{38A945E4-30A5-4916-9EBF-C2F1DEA82172}.Release|Any CPU.ActiveCfg = Release|Any CPU
		{38A945E4-30A5-4916-9EBF-C2F1DEA82172}.Release|Any CPU.Build.0 = Release|Any CPU
	EndGlobalSection
	GlobalSection(SolutionProperties) = preSolution
		HideSolutionNode = FALSE
	EndGlobalSection
	GlobalSection(ExtensibilityGlobals) = postSolution
		SolutionGuid = {442DB391-6DAB-4B6E-ACDB-B16337231825}
	EndGlobalSection
EndGlobal
